
Microsoft Visual Studio Solution File, Format Version 12.00
# Visual Studio 15
VisualStudioVersion = 15.0.28307.539
MinimumVisualStudioVersion = 10.0.40219.1
Project("{8BC9CEB8-8B4A-11D0-8D11-00A0C91BC942}") = "lab13_2", "lab14_1\lab14_1.vcxproj", "{35112197-EA02-4CE4-8FAE-B4143B83D06C}"
EndProject
Project("{8BC9CEB8-8B4A-11D0-8D11-00A0C91BC942}") = "lab13_1", "lab14_2\lab14_2.vcxproj", "{9D8E8CC4-27D7-45B7-AF26-15B9260333F3}"
EndProject
Global
	GlobalSection(SolutionConfigurationPlatforms) = preSolution
		Debug|x64 = Debug|x64
		Debug|x86 = Debug|x86
		Release|x64 = Release|x64
		Release|x86 = Release|x86
	EndGlobalSection
	GlobalSection(ProjectConfigurationPlatforms) = postSolution
		{35112197-EA02-4CE4-8FAE-B4143B83D06C}.Debug|x64.ActiveCfg = Debug|x64
		{35112197-EA02-4CE4-8FAE-B4143B83D06C}.Debug|x64.Build.0 = Debug|x64
		{35112197-EA02-4CE4-8FAE-B4143B83D06C}.Debug|x86.ActiveCfg = Debug|Win32
		{35112197-EA02-4CE4-8FAE-B4143B83D06C}.Debug|x86.Build.0 = Debug|Win32
		{35112197-EA02-4CE4-8FAE-B4143B83D06C}.Release|x64.ActiveCfg = Release|x64
		{35112197-EA02-4CE4-8FAE-B4143B83D06C}.Release|x64.Build.0 = Release|x64
		{35112197-EA02-4CE4-8FAE-B4143B83D06C}.Release|x86.ActiveCfg = Release|Win32
		{35112197-EA02-4CE4-8FAE-B4143B83D06C}.Release|x86.Build.0 = Release|Win32
		{9D8E8CC4-27D7-45B7-AF26-15B9260333F3}.Debug|x64.ActiveCfg = Debug|x64
		{9D8E8CC4-27D7-45B7-AF26-15B9260333F3}.Debug|x64.Build.0 = Debug|x64
		{9D8E8CC4-27D7-45B7-AF26-15B9260333F3}.Debug|x86.ActiveCfg = Debug|Win32
		{9D8E8CC4-27D7-45B7-AF26-15B9260333F3}.Debug|x86.Build.0 = Debug|Win32
		{9D8E8CC4-27D7-45B7-AF26-15B9260333F3}.Release|x64.ActiveCfg = Release|x64
		{9D8E8CC4-27D7-45B7-AF26-15B9260333F3}.Release|x64.Build.0 = Release|x64
		{9D8E8CC4-27D7-45B7-AF26-15B9260333F3}.Release|x86.ActiveCfg = Release|Win32
		{9D8E8CC4-27D7-45B7-AF26-15B9260333F3}.Release|x86.Build.0 = Release|Win32
	EndGlobalSection
	GlobalSection(SolutionProperties) = preSolution
		HideSolutionNode = FALSE
	EndGlobalSection
	GlobalSection(ExtensibilityGlobals) = postSolution
		SolutionGuid = {A99041BF-9DD2-4456-825E-6178BC9A8A2A}
	EndGlobalSection
EndGlobal
