
Microsoft Visual Studio Solution File, Format Version 12.00
# Visual Studio 15
VisualStudioVersion = 15.0.28307.539
MinimumVisualStudioVersion = 10.0.40219.1
Project("{8BC9CEB8-8B4A-11D0-8D11-00A0C91BC942}") = "lab12_1", "lab12_1\lab12_1.vcxproj", "{26C58959-9E5E-4F16-A230-6277D6E83503}"
EndProject
Project("{8BC9CEB8-8B4A-11D0-8D11-00A0C91BC942}") = "lab12_2", "lab12_2\lab12_2.vcxproj", "{3A5E1D74-F656-4EEE-AFE2-C0D5CF8B19E5}"
EndProject
Project("{8BC9CEB8-8B4A-11D0-8D11-00A0C91BC942}") = "lab12_3", "lab12_3\lab12_3.vcxproj", "{7E57C37B-7458-4A91-B634-C0E5646805E1}"
EndProject
Project("{8BC9CEB8-8B4A-11D0-8D11-00A0C91BC942}") = "lab12_4", "lab12_4\lab12_4.vcxproj", "{5F747593-BC71-4AB4-993F-095260409346}"
EndProject
Project("{8BC9CEB8-8B4A-11D0-8D11-00A0C91BC942}") = "lab12_5", "lab12_5\lab12_5.vcxproj", "{14B83446-53FB-400A-8E0F-543D9F96E050}"
EndProject
Global
	GlobalSection(SolutionConfigurationPlatforms) = preSolution
		Debug|x64 = Debug|x64
		Debug|x86 = Debug|x86
		Release|x64 = Release|x64
		Release|x86 = Release|x86
	EndGlobalSection
	GlobalSection(ProjectConfigurationPlatforms) = postSolution
		{26C58959-9E5E-4F16-A230-6277D6E83503}.Debug|x64.ActiveCfg = Debug|x64
		{26C58959-9E5E-4F16-A230-6277D6E83503}.Debug|x64.Build.0 = Debug|x64
		{26C58959-9E5E-4F16-A230-6277D6E83503}.Debug|x86.ActiveCfg = Debug|Win32
		{26C58959-9E5E-4F16-A230-6277D6E83503}.Debug|x86.Build.0 = Debug|Win32
		{26C58959-9E5E-4F16-A230-6277D6E83503}.Release|x64.ActiveCfg = Release|x64
		{26C58959-9E5E-4F16-A230-6277D6E83503}.Release|x64.Build.0 = Release|x64
		{26C58959-9E5E-4F16-A230-6277D6E83503}.Release|x86.ActiveCfg = Release|Win32
		{26C58959-9E5E-4F16-A230-6277D6E83503}.Release|x86.Build.0 = Release|Win32
		{3A5E1D74-F656-4EEE-AFE2-C0D5CF8B19E5}.Debug|x64.ActiveCfg = Debug|x64
		{3A5E1D74-F656-4EEE-AFE2-C0D5CF8B19E5}.Debug|x64.Build.0 = Debug|x64
		{3A5E1D74-F656-4EEE-AFE2-C0D5CF8B19E5}.Debug|x86.ActiveCfg = Debug|Win32
		{3A5E1D74-F656-4EEE-AFE2-C0D5CF8B19E5}.Debug|x86.Build.0 = Debug|Win32
		{3A5E1D74-F656-4EEE-AFE2-C0D5CF8B19E5}.Release|x64.ActiveCfg = Release|x64
		{3A5E1D74-F656-4EEE-AFE2-C0D5CF8B19E5}.Release|x64.Build.0 = Release|x64
		{3A5E1D74-F656-4EEE-AFE2-C0D5CF8B19E5}.Release|x86.ActiveCfg = Release|Win32
		{3A5E1D74-F656-4EEE-AFE2-C0D5CF8B19E5}.Release|x86.Build.0 = Release|Win32
		{7E57C37B-7458-4A91-B634-C0E5646805E1}.Debug|x64.ActiveCfg = Debug|x64
		{7E57C37B-7458-4A91-B634-C0E5646805E1}.Debug|x64.Build.0 = Debug|x64
		{7E57C37B-7458-4A91-B634-C0E5646805E1}.Debug|x86.ActiveCfg = Debug|Win32
		{7E57C37B-7458-4A91-B634-C0E5646805E1}.Debug|x86.Build.0 = Debug|Win32
		{7E57C37B-7458-4A91-B634-C0E5646805E1}.Release|x64.ActiveCfg = Release|x64
		{7E57C37B-7458-4A91-B634-C0E5646805E1}.Release|x64.Build.0 = Release|x64
		{7E57C37B-7458-4A91-B634-C0E5646805E1}.Release|x86.ActiveCfg = Release|Win32
		{7E57C37B-7458-4A91-B634-C0E5646805E1}.Release|x86.Build.0 = Release|Win32
		{5F747593-BC71-4AB4-993F-095260409346}.Debug|x64.ActiveCfg = Debug|x64
		{5F747593-BC71-4AB4-993F-095260409346}.Debug|x64.Build.0 = Debug|x64
		{5F747593-BC71-4AB4-993F-095260409346}.Debug|x86.ActiveCfg = Debug|Win32
		{5F747593-BC71-4AB4-993F-095260409346}.Debug|x86.Build.0 = Debug|Win32
		{5F747593-BC71-4AB4-993F-095260409346}.Release|x64.ActiveCfg = Release|x64
		{5F747593-BC71-4AB4-993F-095260409346}.Release|x64.Build.0 = Release|x64
		{5F747593-BC71-4AB4-993F-095260409346}.Release|x86.ActiveCfg = Release|Win32
		{5F747593-BC71-4AB4-993F-095260409346}.Release|x86.Build.0 = Release|Win32
		{14B83446-53FB-400A-8E0F-543D9F96E050}.Debug|x64.ActiveCfg = Debug|x64
		{14B83446-53FB-400A-8E0F-543D9F96E050}.Debug|x64.Build.0 = Debug|x64
		{14B83446-53FB-400A-8E0F-543D9F96E050}.Debug|x86.ActiveCfg = Debug|Win32
		{14B83446-53FB-400A-8E0F-543D9F96E050}.Debug|x86.Build.0 = Debug|Win32
		{14B83446-53FB-400A-8E0F-543D9F96E050}.Release|x64.ActiveCfg = Release|x64
		{14B83446-53FB-400A-8E0F-543D9F96E050}.Release|x64.Build.0 = Release|x64
		{14B83446-53FB-400A-8E0F-543D9F96E050}.Release|x86.ActiveCfg = Release|Win32
		{14B83446-53FB-400A-8E0F-543D9F96E050}.Release|x86.Build.0 = Release|Win32
	EndGlobalSection
	GlobalSection(SolutionProperties) = preSolution
		HideSolutionNode = FALSE
	EndGlobalSection
	GlobalSection(ExtensibilityGlobals) = postSolution
		SolutionGuid = {9CA651D5-504A-4B4B-AE92-FB0513111FD4}
	EndGlobalSection
EndGlobal
