
Microsoft Visual Studio Solution File, Format Version 12.00
# Visual Studio 15
VisualStudioVersion = 15.0.28307.539
MinimumVisualStudioVersion = 10.0.40219.1
Project("{8BC9CEB8-8B4A-11D0-8D11-00A0C91BC942}") = "exam1", "Various Scope\Various Scope.vcxproj", "{325847DD-D8E8-4B84-935E-BF284419FBD1}"
EndProject
Project("{8BC9CEB8-8B4A-11D0-8D11-00A0C91BC942}") = "exam2", "exam2\exam2.vcxproj", "{C8CE2649-9A78-4A92-A326-2F04F72E8063}"
EndProject
Project("{8BC9CEB8-8B4A-11D0-8D11-00A0C91BC942}") = "exam3", "exam3\exam3.vcxproj", "{82C6488F-4D26-4C13-86C3-A3C38A68E4FC}"
EndProject
Project("{8BC9CEB8-8B4A-11D0-8D11-00A0C91BC942}") = "exam4", "exam4\exam4.vcxproj", "{501EC0B7-EB93-4648-93B0-9B2E61AFC3EB}"
EndProject
Project("{8BC9CEB8-8B4A-11D0-8D11-00A0C91BC942}") = "exam5", "exam5\exam5.vcxproj", "{23C0452F-94A7-49C3-BFCF-77952F12FA96}"
EndProject
Project("{8BC9CEB8-8B4A-11D0-8D11-00A0C91BC942}") = "exam6", "exam6\exam6.vcxproj", "{1A328210-B02D-4262-B4BE-78B4582E1B10}"
EndProject
Project("{8BC9CEB8-8B4A-11D0-8D11-00A0C91BC942}") = "exam7", "exam7\exam7.vcxproj", "{6E67FDFF-F4A3-4AEE-85A9-58E11CBCA9C8}"
EndProject
Project("{8BC9CEB8-8B4A-11D0-8D11-00A0C91BC942}") = "exam8", "exam8\exam8.vcxproj", "{FEEFEC8B-D38A-4A2C-A595-E0A0B3F66CBD}"
EndProject
Project("{8BC9CEB8-8B4A-11D0-8D11-00A0C91BC942}") = "exam9", "exam9\exam9.vcxproj", "{E978BA73-A797-4F08-A6E4-3B9B1C59FE86}"
EndProject
Project("{8BC9CEB8-8B4A-11D0-8D11-00A0C91BC942}") = "exam10", "exam10\exam10.vcxproj", "{B00E218B-7367-428D-A850-53974128A807}"
EndProject
Project("{8BC9CEB8-8B4A-11D0-8D11-00A0C91BC942}") = "exam11", "exam11\exam11.vcxproj", "{A6AC7FA2-ECE7-4A54-B258-2CAD61F9D721}"
EndProject
Global
	GlobalSection(SolutionConfigurationPlatforms) = preSolution
		Debug|x64 = Debug|x64
		Debug|x86 = Debug|x86
		Release|x64 = Release|x64
		Release|x86 = Release|x86
	EndGlobalSection
	GlobalSection(ProjectConfigurationPlatforms) = postSolution
		{325847DD-D8E8-4B84-935E-BF284419FBD1}.Debug|x64.ActiveCfg = Debug|x64
		{325847DD-D8E8-4B84-935E-BF284419FBD1}.Debug|x64.Build.0 = Debug|x64
		{325847DD-D8E8-4B84-935E-BF284419FBD1}.Debug|x86.ActiveCfg = Debug|Win32
		{325847DD-D8E8-4B84-935E-BF284419FBD1}.Debug|x86.Build.0 = Debug|Win32
		{325847DD-D8E8-4B84-935E-BF284419FBD1}.Release|x64.ActiveCfg = Release|x64
		{325847DD-D8E8-4B84-935E-BF284419FBD1}.Release|x64.Build.0 = Release|x64
		{325847DD-D8E8-4B84-935E-BF284419FBD1}.Release|x86.ActiveCfg = Release|Win32
		{325847DD-D8E8-4B84-935E-BF284419FBD1}.Release|x86.Build.0 = Release|Win32
		{C8CE2649-9A78-4A92-A326-2F04F72E8063}.Debug|x64.ActiveCfg = Debug|x64
		{C8CE2649-9A78-4A92-A326-2F04F72E8063}.Debug|x64.Build.0 = Debug|x64
		{C8CE2649-9A78-4A92-A326-2F04F72E8063}.Debug|x86.ActiveCfg = Debug|Win32
		{C8CE2649-9A78-4A92-A326-2F04F72E8063}.Debug|x86.Build.0 = Debug|Win32
		{C8CE2649-9A78-4A92-A326-2F04F72E8063}.Release|x64.ActiveCfg = Release|x64
		{C8CE2649-9A78-4A92-A326-2F04F72E8063}.Release|x64.Build.0 = Release|x64
		{C8CE2649-9A78-4A92-A326-2F04F72E8063}.Release|x86.ActiveCfg = Release|Win32
		{C8CE2649-9A78-4A92-A326-2F04F72E8063}.Release|x86.Build.0 = Release|Win32
		{82C6488F-4D26-4C13-86C3-A3C38A68E4FC}.Debug|x64.ActiveCfg = Debug|x64
		{82C6488F-4D26-4C13-86C3-A3C38A68E4FC}.Debug|x64.Build.0 = Debug|x64
		{82C6488F-4D26-4C13-86C3-A3C38A68E4FC}.Debug|x86.ActiveCfg = Debug|Win32
		{82C6488F-4D26-4C13-86C3-A3C38A68E4FC}.Debug|x86.Build.0 = Debug|Win32
		{82C6488F-4D26-4C13-86C3-A3C38A68E4FC}.Release|x64.ActiveCfg = Release|x64
		{82C6488F-4D26-4C13-86C3-A3C38A68E4FC}.Release|x64.Build.0 = Release|x64
		{82C6488F-4D26-4C13-86C3-A3C38A68E4FC}.Release|x86.ActiveCfg = Release|Win32
		{82C6488F-4D26-4C13-86C3-A3C38A68E4FC}.Release|x86.Build.0 = Release|Win32
		{501EC0B7-EB93-4648-93B0-9B2E61AFC3EB}.Debug|x64.ActiveCfg = Debug|x64
		{501EC0B7-EB93-4648-93B0-9B2E61AFC3EB}.Debug|x64.Build.0 = Debug|x64
		{501EC0B7-EB93-4648-93B0-9B2E61AFC3EB}.Debug|x86.ActiveCfg = Debug|Win32
		{501EC0B7-EB93-4648-93B0-9B2E61AFC3EB}.Debug|x86.Build.0 = Debug|Win32
		{501EC0B7-EB93-4648-93B0-9B2E61AFC3EB}.Release|x64.ActiveCfg = Release|x64
		{501EC0B7-EB93-4648-93B0-9B2E61AFC3EB}.Release|x64.Build.0 = Release|x64
		{501EC0B7-EB93-4648-93B0-9B2E61AFC3EB}.Release|x86.ActiveCfg = Release|Win32
		{501EC0B7-EB93-4648-93B0-9B2E61AFC3EB}.Release|x86.Build.0 = Release|Win32
		{23C0452F-94A7-49C3-BFCF-77952F12FA96}.Debug|x64.ActiveCfg = Debug|x64
		{23C0452F-94A7-49C3-BFCF-77952F12FA96}.Debug|x64.Build.0 = Debug|x64
		{23C0452F-94A7-49C3-BFCF-77952F12FA96}.Debug|x86.ActiveCfg = Debug|Win32
		{23C0452F-94A7-49C3-BFCF-77952F12FA96}.Debug|x86.Build.0 = Debug|Win32
		{23C0452F-94A7-49C3-BFCF-77952F12FA96}.Release|x64.ActiveCfg = Release|x64
		{23C0452F-94A7-49C3-BFCF-77952F12FA96}.Release|x64.Build.0 = Release|x64
		{23C0452F-94A7-49C3-BFCF-77952F12FA96}.Release|x86.ActiveCfg = Release|Win32
		{23C0452F-94A7-49C3-BFCF-77952F12FA96}.Release|x86.Build.0 = Release|Win32
		{1A328210-B02D-4262-B4BE-78B4582E1B10}.Debug|x64.ActiveCfg = Debug|x64
		{1A328210-B02D-4262-B4BE-78B4582E1B10}.Debug|x64.Build.0 = Debug|x64
		{1A328210-B02D-4262-B4BE-78B4582E1B10}.Debug|x86.ActiveCfg = Debug|Win32
		{1A328210-B02D-4262-B4BE-78B4582E1B10}.Debug|x86.Build.0 = Debug|Win32
		{1A328210-B02D-4262-B4BE-78B4582E1B10}.Release|x64.ActiveCfg = Release|x64
		{1A328210-B02D-4262-B4BE-78B4582E1B10}.Release|x64.Build.0 = Release|x64
		{1A328210-B02D-4262-B4BE-78B4582E1B10}.Release|x86.ActiveCfg = Release|Win32
		{1A328210-B02D-4262-B4BE-78B4582E1B10}.Release|x86.Build.0 = Release|Win32
		{6E67FDFF-F4A3-4AEE-85A9-58E11CBCA9C8}.Debug|x64.ActiveCfg = Debug|x64
		{6E67FDFF-F4A3-4AEE-85A9-58E11CBCA9C8}.Debug|x64.Build.0 = Debug|x64
		{6E67FDFF-F4A3-4AEE-85A9-58E11CBCA9C8}.Debug|x86.ActiveCfg = Debug|Win32
		{6E67FDFF-F4A3-4AEE-85A9-58E11CBCA9C8}.Debug|x86.Build.0 = Debug|Win32
		{6E67FDFF-F4A3-4AEE-85A9-58E11CBCA9C8}.Release|x64.ActiveCfg = Release|x64
		{6E67FDFF-F4A3-4AEE-85A9-58E11CBCA9C8}.Release|x64.Build.0 = Release|x64
		{6E67FDFF-F4A3-4AEE-85A9-58E11CBCA9C8}.Release|x86.ActiveCfg = Release|Win32
		{6E67FDFF-F4A3-4AEE-85A9-58E11CBCA9C8}.Release|x86.Build.0 = Release|Win32
		{FEEFEC8B-D38A-4A2C-A595-E0A0B3F66CBD}.Debug|x64.ActiveCfg = Debug|x64
		{FEEFEC8B-D38A-4A2C-A595-E0A0B3F66CBD}.Debug|x64.Build.0 = Debug|x64
		{FEEFEC8B-D38A-4A2C-A595-E0A0B3F66CBD}.Debug|x86.ActiveCfg = Debug|Win32
		{FEEFEC8B-D38A-4A2C-A595-E0A0B3F66CBD}.Debug|x86.Build.0 = Debug|Win32
		{FEEFEC8B-D38A-4A2C-A595-E0A0B3F66CBD}.Release|x64.ActiveCfg = Release|x64
		{FEEFEC8B-D38A-4A2C-A595-E0A0B3F66CBD}.Release|x64.Build.0 = Release|x64
		{FEEFEC8B-D38A-4A2C-A595-E0A0B3F66CBD}.Release|x86.ActiveCfg = Release|Win32
		{FEEFEC8B-D38A-4A2C-A595-E0A0B3F66CBD}.Release|x86.Build.0 = Release|Win32
		{E978BA73-A797-4F08-A6E4-3B9B1C59FE86}.Debug|x64.ActiveCfg = Debug|x64
		{E978BA73-A797-4F08-A6E4-3B9B1C59FE86}.Debug|x64.Build.0 = Debug|x64
		{E978BA73-A797-4F08-A6E4-3B9B1C59FE86}.Debug|x86.ActiveCfg = Debug|Win32
		{E978BA73-A797-4F08-A6E4-3B9B1C59FE86}.Debug|x86.Build.0 = Debug|Win32
		{E978BA73-A797-4F08-A6E4-3B9B1C59FE86}.Release|x64.ActiveCfg = Release|x64
		{E978BA73-A797-4F08-A6E4-3B9B1C59FE86}.Release|x64.Build.0 = Release|x64
		{E978BA73-A797-4F08-A6E4-3B9B1C59FE86}.Release|x86.ActiveCfg = Release|Win32
		{E978BA73-A797-4F08-A6E4-3B9B1C59FE86}.Release|x86.Build.0 = Release|Win32
		{B00E218B-7367-428D-A850-53974128A807}.Debug|x64.ActiveCfg = Debug|x64
		{B00E218B-7367-428D-A850-53974128A807}.Debug|x64.Build.0 = Debug|x64
		{B00E218B-7367-428D-A850-53974128A807}.Debug|x86.ActiveCfg = Debug|Win32
		{B00E218B-7367-428D-A850-53974128A807}.Debug|x86.Build.0 = Debug|Win32
		{B00E218B-7367-428D-A850-53974128A807}.Release|x64.ActiveCfg = Release|x64
		{B00E218B-7367-428D-A850-53974128A807}.Release|x64.Build.0 = Release|x64
		{B00E218B-7367-428D-A850-53974128A807}.Release|x86.ActiveCfg = Release|Win32
		{B00E218B-7367-428D-A850-53974128A807}.Release|x86.Build.0 = Release|Win32
		{A6AC7FA2-ECE7-4A54-B258-2CAD61F9D721}.Debug|x64.ActiveCfg = Debug|x64
		{A6AC7FA2-ECE7-4A54-B258-2CAD61F9D721}.Debug|x64.Build.0 = Debug|x64
		{A6AC7FA2-ECE7-4A54-B258-2CAD61F9D721}.Debug|x86.ActiveCfg = Debug|Win32
		{A6AC7FA2-ECE7-4A54-B258-2CAD61F9D721}.Debug|x86.Build.0 = Debug|Win32
		{A6AC7FA2-ECE7-4A54-B258-2CAD61F9D721}.Release|x64.ActiveCfg = Release|x64
		{A6AC7FA2-ECE7-4A54-B258-2CAD61F9D721}.Release|x64.Build.0 = Release|x64
		{A6AC7FA2-ECE7-4A54-B258-2CAD61F9D721}.Release|x86.ActiveCfg = Release|Win32
		{A6AC7FA2-ECE7-4A54-B258-2CAD61F9D721}.Release|x86.Build.0 = Release|Win32
	EndGlobalSection
	GlobalSection(SolutionProperties) = preSolution
		HideSolutionNode = FALSE
	EndGlobalSection
	GlobalSection(ExtensibilityGlobals) = postSolution
		SolutionGuid = {EA6252E0-0A34-4402-8B34-4626FFBC36ED}
	EndGlobalSection
EndGlobal
